// !$*UTF8*$!
{
	archiveVersion = 1;
	classes = {
	};
	objectVersion = 56;
	objects = {

/* Begin PBXBuildFile section */
		5502706C2AA7674700921888 /* MasonryStack in Frameworks */ = {isa = PBXBuildFile; productRef = 5502706B2AA7674700921888 /* MasonryStack */; };
		554A2ED92AA6031500010F4E /* HelloSwiftUIApp.swift in Sources */ = {isa = PBXBuildFile; fileRef = 554A2ED82AA6031500010F4E /* HelloSwiftUIApp.swift */; };
		554A2EDB2AA6031500010F4E /* ContentView.swift in Sources */ = {isa = PBXBuildFile; fileRef = 554A2EDA2AA6031500010F4E /* ContentView.swift */; };
		554A2EDD2AA6031700010F4E /* Assets.xcassets in Resources */ = {isa = PBXBuildFile; fileRef = 554A2EDC2AA6031700010F4E /* Assets.xcassets */; };
		554A2EE02AA6031700010F4E /* Preview Assets.xcassets in Resources */ = {isa = PBXBuildFile; fileRef = 554A2EDF2AA6031700010F4E /* Preview Assets.xcassets */; };
		554A2EE82AA60A7700010F4E /* Color.swift in Sources */ = {isa = PBXBuildFile; fileRef = 554A2EE72AA60A7700010F4E /* Color.swift */; };
		5550C2252AB71C1A001CF015 /* AppDelegate.swift in Sources */ = {isa = PBXBuildFile; fileRef = 5550C2242AB71C1A001CF015 /* AppDelegate.swift */; };
		55CA496D2AF1378D009422D2 /* CounterView.swift in Sources */ = {isa = PBXBuildFile; fileRef = 55CA496C2AF1378D009422D2 /* CounterView.swift */; };
/* End PBXBuildFile section */

/* Begin PBXFileReference section */
		554A2ED52AA6031500010F4E /* HelloSwiftUI.app */ = {isa = PBXFileReference; explicitFileType = wrapper.application; includeInIndex = 0; path = HelloSwiftUI.app; sourceTree = BUILT_PRODUCTS_DIR; };
		554A2ED82AA6031500010F4E /* HelloSwiftUIApp.swift */ = {isa = PBXFileReference; lastKnownFileType = sourcecode.swift; path = HelloSwiftUIApp.swift; sourceTree = "<group>"; };
		554A2EDA2AA6031500010F4E /* ContentView.swift */ = {isa = PBXFileReference; lastKnownFileType = sourcecode.swift; path = ContentView.swift; sourceTree = "<group>"; };
		554A2EDC2AA6031700010F4E /* Assets.xcassets */ = {isa = PBXFileReference; lastKnownFileType = folder.assetcatalog; path = Assets.xcassets; sourceTree = "<group>"; };
		554A2EDF2AA6031700010F4E /* Preview Assets.xcassets */ = {isa = PBXFileReference; lastKnownFileType = folder.assetcatalog; path = "Preview Assets.xcassets"; sourceTree = "<group>"; };
		554A2EE72AA60A7700010F4E /* Color.swift */ = {isa = PBXFileReference; lastKnownFileType = sourcecode.swift; path = Color.swift; sourceTree = "<group>"; };
		5550C2242AB71C1A001CF015 /* AppDelegate.swift */ = {isa = PBXFileReference; lastKnownFileType = sourcecode.swift; path = AppDelegate.swift; sourceTree = "<group>"; };
		55CA496C2AF1378D009422D2 /* CounterView.swift */ = {isa = PBXFileReference; lastKnownFileType = sourcecode.swift; path = CounterView.swift; sourceTree = "<group>"; };
/* End PBXFileReference section */

/* Begin PBXFrameworksBuildPhase section */
		554A2ED22AA6031500010F4E /* Frameworks */ = {
			isa = PBXFrameworksBuildPhase;
			buildActionMask = 2147483647;
			files = (
				5502706C2AA7674700921888 /* MasonryStack in Frameworks */,
			);
			runOnlyForDeploymentPostprocessing = 0;
		};
/* End PBXFrameworksBuildPhase section */

/* Begin PBXGroup section */
		554A2ECC2AA6031500010F4E = {
			isa = PBXGroup;
			children = (
				554A2ED72AA6031500010F4E /* HelloSwiftUI */,
				5550C22E2AB71DD1001CF015 /* HelloSwiftUiTests */,
				554A2ED62AA6031500010F4E /* Products */,
			);
			sourceTree = "<group>";
		};
		554A2ED62AA6031500010F4E /* Products */ = {
			isa = PBXGroup;
			children = (
				554A2ED52AA6031500010F4E /* HelloSwiftUI.app */,
			);
			name = Products;
			sourceTree = "<group>";
		};
		554A2ED72AA6031500010F4E /* HelloSwiftUI */ = {
			isa = PBXGroup;
			children = (
				5550C2202AB71B28001CF015 /* Resources */,
				5550C21F2AB71B1E001CF015 /* Classes */,
				554A2EE62AA60A6000010F4E /* Util */,
				554A2ED82AA6031500010F4E /* HelloSwiftUIApp.swift */,
				554A2EDA2AA6031500010F4E /* ContentView.swift */,
				55CA496C2AF1378D009422D2 /* CounterView.swift */,
				554A2EDC2AA6031700010F4E /* Assets.xcassets */,
				554A2EDE2AA6031700010F4E /* Preview Content */,
			);
			path = HelloSwiftUI;
			sourceTree = "<group>";
		};
		554A2EDE2AA6031700010F4E /* Preview Content */ = {
			isa = PBXGroup;
			children = (
				554A2EDF2AA6031700010F4E /* Preview Assets.xcassets */,
			);
			path = "Preview Content";
			sourceTree = "<group>";
		};
		554A2EE62AA60A6000010F4E /* Util */ = {
			isa = PBXGroup;
			children = (
			);
			path = Util;
			sourceTree = "<group>";
		};
		5550C21F2AB71B1E001CF015 /* Classes */ = {
			isa = PBXGroup;
			children = (
				5550C2212AB71B5D001CF015 /* Application */,
				5550C2222AB71B6B001CF015 /* Common */,
				5550C2232AB71B86001CF015 /* Modules */,
			);
			path = Classes;
			sourceTree = "<group>";
		};
		5550C2202AB71B28001CF015 /* Resources */ = {
			isa = PBXGroup;
			children = (
			);
			path = Resources;
			sourceTree = "<group>";
		};
		5550C2212AB71B5D001CF015 /* Application */ = {
			isa = PBXGroup;
			children = (
				5550C2242AB71C1A001CF015 /* AppDelegate.swift */,
			);
			path = Application;
			sourceTree = "<group>";
		};
		5550C2222AB71B6B001CF015 /* Common */ = {
			isa = PBXGroup;
			children = (
				5550C22B2AB71C71001CF015 /* DataManagers */,
				5550C22A2AB71C67001CF015 /* Entities */,
				5550C2292AB71C5F001CF015 /* Extensions */,
				5550C2282AB71C53001CF015 /* Utils */,
				5550C2272AB71C45001CF015 /* ViewManagers */,
				5550C2262AB71C3B001CF015 /* Views */,
			);
			path = Common;
			sourceTree = "<group>";
		};
		5550C2232AB71B86001CF015 /* Modules */ = {
			isa = PBXGroup;
			children = (
			);
			path = Modules;
			sourceTree = "<group>";
		};
		5550C2262AB71C3B001CF015 /* Views */ = {
			isa = PBXGroup;
			children = (
			);
			path = Views;
			sourceTree = "<group>";
		};
		5550C2272AB71C45001CF015 /* ViewManagers */ = {
			isa = PBXGroup;
			children = (
			);
			path = ViewManagers;
			sourceTree = "<group>";
		};
		5550C2282AB71C53001CF015 /* Utils */ = {
			isa = PBXGroup;
			children = (
			);
			path = Utils;
			sourceTree = "<group>";
		};
		5550C2292AB71C5F001CF015 /* Extensions */ = {
			isa = PBXGroup;
			children = (
				554A2EE72AA60A7700010F4E /* Color.swift */,
			);
			path = Extensions;
			sourceTree = "<group>";
		};
		5550C22A2AB71C67001CF015 /* Entities */ = {
			isa = PBXGroup;
			children = (
			);
			path = Entities;
			sourceTree = "<group>";
		};
		5550C22B2AB71C71001CF015 /* DataManagers */ = {
			isa = PBXGroup;
			children = (
				5550C22D2AB71CBB001CF015 /* Local */,
				5550C22C2AB71CB6001CF015 /* Remote */,
			);
			path = DataManagers;
			sourceTree = "<group>";
		};
		5550C22C2AB71CB6001CF015 /* Remote */ = {
			isa = PBXGroup;
			children = (
			);
			path = Remote;
			sourceTree = "<group>";
		};
		5550C22D2AB71CBB001CF015 /* Local */ = {
			isa = PBXGroup;
			children = (
			);
			path = Local;
			sourceTree = "<group>";
		};
		5550C22E2AB71DD1001CF015 /* HelloSwiftUiTests */ = {
			isa = PBXGroup;
			children = (
				5550C22F2AB71E15001CF015 /* Classes */,
			);
			path = HelloSwiftUiTests;
			sourceTree = "<group>";
		};
		5550C22F2AB71E15001CF015 /* Classes */ = {
			isa = PBXGroup;
			children = (
				5550C2302AB71E1F001CF015 /* Modules */,
			);
			path = Classes;
			sourceTree = "<group>";
		};
		5550C2302AB71E1F001CF015 /* Modules */ = {
			isa = PBXGroup;
			children = (
			);
			path = Modules;
			sourceTree = "<group>";
		};
/* End PBXGroup section */

/* Begin PBXNativeTarget section */
		554A2ED42AA6031500010F4E /* HelloSwiftUI */ = {
			isa = PBXNativeTarget;
			buildConfigurationList = 554A2EE32AA6031700010F4E /* Build configuration list for PBXNativeTarget "HelloSwiftUI" */;
			buildPhases = (
				554A2ED12AA6031500010F4E /* Sources */,
				554A2ED22AA6031500010F4E /* Frameworks */,
				554A2ED32AA6031500010F4E /* Resources */,
			);
			buildRules = (
			);
			dependencies = (
			);
			name = HelloSwiftUI;
			packageProductDependencies = (
				5502706B2AA7674700921888 /* MasonryStack */,
			);
			productName = HelloSwiftUI;
			productReference = 554A2ED52AA6031500010F4E /* HelloSwiftUI.app */;
			productType = "com.apple.product-type.application";
		};
/* End PBXNativeTarget section */

/* Begin PBXProject section */
		554A2ECD2AA6031500010F4E /* Project object */ = {
			isa = PBXProject;
			attributes = {
				BuildIndependentTargetsInParallel = 1;
				LastSwiftUpdateCheck = 1410;
				LastUpgradeCheck = 1410;
				TargetAttributes = {
					554A2ED42AA6031500010F4E = {
						CreatedOnToolsVersion = 14.1;
					};
				};
			};
			buildConfigurationList = 554A2ED02AA6031500010F4E /* Build configuration list for PBXProject "HelloSwiftUI" */;
			compatibilityVersion = "Xcode 14.0";
			developmentRegion = en;
			hasScannedForEncodings = 0;
			knownRegions = (
				en,
				Base,
			);
			mainGroup = 554A2ECC2AA6031500010F4E;
			packageReferences = (
				5502706A2AA7674700921888 /* XCRemoteSwiftPackageReference "MasonryStack" */,
			);
			productRefGroup = 554A2ED62AA6031500010F4E /* Products */;
			projectDirPath = "";
			projectRoot = "";
			targets = (
				554A2ED42AA6031500010F4E /* HelloSwiftUI */,
			);
		};
/* End PBXProject section */

/* Begin PBXResourcesBuildPhase section */
		554A2ED32AA6031500010F4E /* Resources */ = {
			isa = PBXResourcesBuildPhase;
			buildActionMask = 2147483647;
			files = (
				554A2EE02AA6031700010F4E /* Preview Assets.xcassets in Resources */,
				554A2EDD2AA6031700010F4E /* Assets.xcassets in Resources */,
			);
			runOnlyForDeploymentPostprocessing = 0;
		};
/* End PBXResourcesBuildPhase section */

/* Begin PBXSourcesBuildPhase section */
		554A2ED12AA6031500010F4E /* Sources */ = {
			isa = PBXSourcesBuildPhase;
			buildActionMask = 2147483647;
			files = (
				55CA496D2AF1378D009422D2 /* CounterView.swift in Sources */,
				5550C2252AB71C1A001CF015 /* AppDelegate.swift in Sources */,
				554A2EE82AA60A7700010F4E /* Color.swift in Sources */,
				554A2EDB2AA6031500010F4E /* ContentView.swift in Sources */,
				554A2ED92AA6031500010F4E /* HelloSwiftUIApp.swift in Sources */,
			);
			runOnlyForDeploymentPostprocessing = 0;
		};
/* End PBXSourcesBuildPhase section */

/* Begin XCBuildConfiguration section */
		554A2EE12AA6031700010F4E /* Debug */ = {
			isa = XCBuildConfiguration;
			buildSettings = {
				ALWAYS_SEARCH_USER_PATHS = NO;
				CLANG_ANALYZER_NONNULL = YES;
				CLANG_ANALYZER_NUMBER_OBJECT_CONVERSION = YES_AGGRESSIVE;
				CLANG_CXX_LANGUAGE_STANDARD = "gnu++20";
				CLANG_ENABLE_MODULES = YES;
				CLANG_ENABLE_OBJC_ARC = YES;
				CLANG_ENABLE_OBJC_WEAK = YES;
				CLANG_WARN_BLOCK_CAPTURE_AUTORELEASING = YES;
				CLANG_WARN_BOOL_CONVERSION = YES;
				CLANG_WARN_COMMA = YES;
				CLANG_WARN_CONSTANT_CONVERSION = YES;
				CLANG_WARN_DEPRECATED_OBJC_IMPLEMENTATIONS = YES;
				CLANG_WARN_DIRECT_OBJC_ISA_USAGE = YES_ERROR;
				CLANG_WARN_DOCUMENTATION_COMMENTS = YES;
				CLANG_WARN_EMPTY_BODY = YES;
				CLANG_WARN_ENUM_CONVERSION = YES;
				CLANG_WARN_INFINITE_RECURSION = YES;
				CLANG_WARN_INT_CONVERSION = YES;
				CLANG_WARN_NON_LITERAL_NULL_CONVERSION = YES;
				CLANG_WARN_OBJC_IMPLICIT_RETAIN_SELF = YES;
				CLANG_WARN_OBJC_LITERAL_CONVERSION = YES;
				CLANG_WARN_OBJC_ROOT_CLASS = YES_ERROR;
				CLANG_WARN_QUOTED_INCLUDE_IN_FRAMEWORK_HEADER = YES;
				CLANG_WARN_RANGE_LOOP_ANALYSIS = YES;
				CLANG_WARN_STRICT_PROTOTYPES = YES;
				CLANG_WARN_SUSPICIOUS_MOVE = YES;
				CLANG_WARN_UNGUARDED_AVAILABILITY = YES_AGGRESSIVE;
				CLANG_WARN_UNREACHABLE_CODE = YES;
				CLANG_WARN__DUPLICATE_METHOD_MATCH = YES;
				COPY_PHASE_STRIP = NO;
				DEBUG_INFORMATION_FORMAT = dwarf;
				ENABLE_STRICT_OBJC_MSGSEND = YES;
				ENABLE_TESTABILITY = YES;
				GCC_C_LANGUAGE_STANDARD = gnu11;
				GCC_DYNAMIC_NO_PIC = NO;
				GCC_NO_COMMON_BLOCKS = YES;
				GCC_OPTIMIZATION_LEVEL = 0;
				GCC_PREPROCESSOR_DEFINITIONS = (
					"DEBUG=1",
					"$(inherited)",
				);
				GCC_WARN_64_TO_32_BIT_CONVERSION = YES;
				GCC_WARN_ABOUT_RETURN_TYPE = YES_ERROR;
				GCC_WARN_UNDECLARED_SELECTOR = YES;
				GCC_WARN_UNINITIALIZED_AUTOS = YES_AGGRESSIVE;
				GCC_WARN_UNUSED_FUNCTION = YES;
				GCC_WARN_UNUSED_VARIABLE = YES;
				IPHONEOS_DEPLOYMENT_TARGET = 16.1;
				MTL_ENABLE_DEBUG_INFO = INCLUDE_SOURCE;
				MTL_FAST_MATH = YES;
				ONLY_ACTIVE_ARCH = YES;
				SDKROOT = iphoneos;
				SWIFT_ACTIVE_COMPILATION_CONDITIONS = DEBUG;
				SWIFT_OPTIMIZATION_LEVEL = "-Onone";
			};
			name = Debug;
		};
		554A2EE22AA6031700010F4E /* Release */ = {
			isa = XCBuildConfiguration;
			buildSettings = {
				ALWAYS_SEARCH_USER_PATHS = NO;
				CLANG_ANALYZER_NONNULL = YES;
				CLANG_ANALYZER_NUMBER_OBJECT_CONVERSION = YES_AGGRESSIVE;
				CLANG_CXX_LANGUAGE_STANDARD = "gnu++20";
				CLANG_ENABLE_MODULES = YES;
				CLANG_ENABLE_OBJC_ARC = YES;
				CLANG_ENABLE_OBJC_WEAK = YES;
				CLANG_WARN_BLOCK_CAPTURE_AUTORELEASING = YES;
				CLANG_WARN_BOOL_CONVERSION = YES;
				CLANG_WARN_COMMA = YES;
				CLANG_WARN_CONSTANT_CONVERSION = YES;
				CLANG_WARN_DEPRECATED_OBJC_IMPLEMENTATIONS = YES;
				CLANG_WARN_DIRECT_OBJC_ISA_USAGE = YES_ERROR;
				CLANG_WARN_DOCUMENTATION_COMMENTS = YES;
				CLANG_WARN_EMPTY_BODY = YES;
				CLANG_WARN_ENUM_CONVERSION = YES;
				CLANG_WARN_INFINITE_RECURSION = YES;
				CLANG_WARN_INT_CONVERSION = YES;
				CLANG_WARN_NON_LITERAL_NULL_CONVERSION = YES;
				CLANG_WARN_OBJC_IMPLICIT_RETAIN_SELF = YES;
				CLANG_WARN_OBJC_LITERAL_CONVERSION = YES;
				CLANG_WARN_OBJC_ROOT_CLASS = YES_ERROR;
				CLANG_WARN_QUOTED_INCLUDE_IN_FRAMEWORK_HEADER = YES;
				CLANG_WARN_RANGE_LOOP_ANALYSIS = YES;
				CLANG_WARN_STRICT_PROTOTYPES = YES;
				CLANG_WARN_SUSPICIOUS_MOVE = YES;
				CLANG_WARN_UNGUARDED_AVAILABILITY = YES_AGGRESSIVE;
				CLANG_WARN_UNREACHABLE_CODE = YES;
				CLANG_WARN__DUPLICATE_METHOD_MATCH = YES;
				COPY_PHASE_STRIP = NO;
				DEBUG_INFORMATION_FORMAT = "dwarf-with-dsym";
				ENABLE_NS_ASSERTIONS = NO;
				ENABLE_STRICT_OBJC_MSGSEND = YES;
				GCC_C_LANGUAGE_STANDARD = gnu11;
				GCC_NO_COMMON_BLOCKS = YES;
				GCC_WARN_64_TO_32_BIT_CONVERSION = YES;
				GCC_WARN_ABOUT_RETURN_TYPE = YES_ERROR;
				GCC_WARN_UNDECLARED_SELECTOR = YES;
				GCC_WARN_UNINITIALIZED_AUTOS = YES_AGGRESSIVE;
				GCC_WARN_UNUSED_FUNCTION = YES;
				GCC_WARN_UNUSED_VARIABLE = YES;
				IPHONEOS_DEPLOYMENT_TARGET = 16.1;
				MTL_ENABLE_DEBUG_INFO = NO;
				MTL_FAST_MATH = YES;
				SDKROOT = iphoneos;
				SWIFT_COMPILATION_MODE = wholemodule;
				SWIFT_OPTIMIZATION_LEVEL = "-O";
				VALIDATE_PRODUCT = YES;
			};
			name = Release;
		};
		554A2EE42AA6031700010F4E /* Debug */ = {
			isa = XCBuildConfiguration;
			buildSettings = {
				ASSETCATALOG_COMPILER_APPICON_NAME = AppIcon;
				ASSETCATALOG_COMPILER_GLOBAL_ACCENT_COLOR_NAME = AccentColor;
				CODE_SIGN_STYLE = Automatic;
				CURRENT_PROJECT_VERSION = 1;
				DEVELOPMENT_ASSET_PATHS = "\"HelloSwiftUI/Preview Content\"";
				ENABLE_PREVIEWS = YES;
				GENERATE_INFOPLIST_FILE = YES;
				INFOPLIST_KEY_UIApplicationSceneManifest_Generation = YES;
				INFOPLIST_KEY_UIApplicationSupportsIndirectInputEvents = YES;
				INFOPLIST_KEY_UILaunchScreen_Generation = YES;
				INFOPLIST_KEY_UISupportedInterfaceOrientations_iPad = "UIInterfaceOrientationPortrait UIInterfaceOrientationPortraitUpsideDown UIInterfaceOrientationLandscapeLeft UIInterfaceOrientationLandscapeRight";
				INFOPLIST_KEY_UISupportedInterfaceOrientations_iPhone = "UIInterfaceOrientationPortrait UIInterfaceOrientationLandscapeLeft UIInterfaceOrientationLandscapeRight";
				LD_RUNPATH_SEARCH_PATHS = (
					"$(inherited)",
					"@executable_path/Frameworks",
				);
				MARKETING_VERSION = 1.0;
				PRODUCT_BUNDLE_IDENTIFIER = RikaKohda.HelloSwiftUI;
				PRODUCT_NAME = "$(TARGET_NAME)";
				SWIFT_EMIT_LOC_STRINGS = YES;
				SWIFT_VERSION = 5.0;
				TARGETED_DEVICE_FAMILY = "1,2";
			};
			name = Debug;
		};
		554A2EE52AA6031700010F4E /* Release */ = {
			isa = XCBuildConfiguration;
			buildSettings = {
				ASSETCATALOG_COMPILER_APPICON_NAME = AppIcon;
				ASSETCATALOG_COMPILER_GLOBAL_ACCENT_COLOR_NAME = AccentColor;
				CODE_SIGN_STYLE = Automatic;
				CURRENT_PROJECT_VERSION = 1;
				DEVELOPMENT_ASSET_PATHS = "\"HelloSwiftUI/Preview Content\"";
				ENABLE_PREVIEWS = YES;
				GENERATE_INFOPLIST_FILE = YES;
				INFOPLIST_KEY_UIApplicationSceneManifest_Generation = YES;
				INFOPLIST_KEY_UIApplicationSupportsIndirectInputEvents = YES;
				INFOPLIST_KEY_UILaunchScreen_Generation = YES;
				INFOPLIST_KEY_UISupportedInterfaceOrientations_iPad = "UIInterfaceOrientationPortrait UIInterfaceOrientationPortraitUpsideDown UIInterfaceOrientationLandscapeLeft UIInterfaceOrientationLandscapeRight";
				INFOPLIST_KEY_UISupportedInterfaceOrientations_iPhone = "UIInterfaceOrientationPortrait UIInterfaceOrientationLandscapeLeft UIInterfaceOrientationLandscapeRight";
				LD_RUNPATH_SEARCH_PATHS = (
					"$(inherited)",
					"@executable_path/Frameworks",
				);
				MARKETING_VERSION = 1.0;
				PRODUCT_BUNDLE_IDENTIFIER = RikaKohda.HelloSwiftUI;
				PRODUCT_NAME = "$(TARGET_NAME)";
				SWIFT_EMIT_LOC_STRINGS = YES;
				SWIFT_VERSION = 5.0;
				TARGETED_DEVICE_FAMILY = "1,2";
			};
			name = Release;
		};
/* End XCBuildConfiguration section */

/* Begin XCConfigurationList section */
		554A2ED02AA6031500010F4E /* Build configuration list for PBXProject "HelloSwiftUI" */ = {
			isa = XCConfigurationList;
			buildConfigurations = (
				554A2EE12AA6031700010F4E /* Debug */,
				554A2EE22AA6031700010F4E /* Release */,
			);
			defaultConfigurationIsVisible = 0;
			defaultConfigurationName = Release;
		};
		554A2EE32AA6031700010F4E /* Build configuration list for PBXNativeTarget "HelloSwiftUI" */ = {
			isa = XCConfigurationList;
			buildConfigurations = (
				554A2EE42AA6031700010F4E /* Debug */,
				554A2EE52AA6031700010F4E /* Release */,
			);
			defaultConfigurationIsVisible = 0;
			defaultConfigurationName = Release;
		};
/* End XCConfigurationList section */

/* Begin XCRemoteSwiftPackageReference section */
		5502706A2AA7674700921888 /* XCRemoteSwiftPackageReference "MasonryStack" */ = {
			isa = XCRemoteSwiftPackageReference;
			repositoryURL = "https://github.com/lukepistrol/MasonryStack";
			requirement = {
				kind = upToNextMajorVersion;
				minimumVersion = 0.1.0;
			};
		};
/* End XCRemoteSwiftPackageReference section */

/* Begin XCSwiftPackageProductDependency section */
		5502706B2AA7674700921888 /* MasonryStack */ = {
			isa = XCSwiftPackageProductDependency;
			package = 5502706A2AA7674700921888 /* XCRemoteSwiftPackageReference "MasonryStack" */;
			productName = MasonryStack;
		};
/* End XCSwiftPackageProductDependency section */
	};
	rootObject = 554A2ECD2AA6031500010F4E /* Project object */;
}
