// !$*UTF8*$!
{
	archiveVersion = 1;
	classes = {
	};
	objectVersion = 56;
	objects = {

/* Begin PBXBuildFile section */
		554A2ED92AA6031500010F4E /* MainView.swift in Sources */ = {isa = PBXBuildFile; fileRef = 554A2ED82AA6031500010F4E /* MainView.swift */; };
		554A2EDB2AA6031500010F4E /* HelloCatsView.swift in Sources */ = {isa = PBXBuildFile; fileRef = 554A2EDA2AA6031500010F4E /* HelloCatsView.swift */; };
		554A2EE82AA60A7700010F4E /* Color.swift in Sources */ = {isa = PBXBuildFile; fileRef = 554A2EE72AA60A7700010F4E /* Color.swift */; };
		557E867E2AF1A213003C3936 /* LaunchScreen.storyboard in Resources */ = {isa = PBXBuildFile; fileRef = 557E867D2AF1A213003C3936 /* LaunchScreen.storyboard */; };
		557E86802AF1A30B003C3936 /* Info.plist in Resources */ = {isa = PBXBuildFile; fileRef = 557E867F2AF1A30B003C3936 /* Info.plist */; };
		5596F82A2AF196B500F874F4 /* AppDelegate.swift in Sources */ = {isa = PBXBuildFile; fileRef = 5596F8292AF196B500F874F4 /* AppDelegate.swift */; };
		55B399AB2AF17881008CF1BB /* AppState.swift in Sources */ = {isa = PBXBuildFile; fileRef = 55B399AA2AF17881008CF1BB /* AppState.swift */; };
		55B399AE2AF17904008CF1BB /* SplashView.swift in Sources */ = {isa = PBXBuildFile; fileRef = 55B399AD2AF17904008CF1BB /* SplashView.swift */; };
		55B399B62AF181B8008CF1BB /* SceneDelegate.swift in Sources */ = {isa = PBXBuildFile; fileRef = 55B399B52AF181B8008CF1BB /* SceneDelegate.swift */; };
		55CA496D2AF1378D009422D2 /* NumbersView.swift in Sources */ = {isa = PBXBuildFile; fileRef = 55CA496C2AF1378D009422D2 /* NumbersView.swift */; };
		55CA49702AF14129009422D2 /* OHHTTPStubs in Frameworks */ = {isa = PBXBuildFile; productRef = 55CA496F2AF14129009422D2 /* OHHTTPStubs */; };
		55CA49722AF14129009422D2 /* OHHTTPStubsSwift in Frameworks */ = {isa = PBXBuildFile; productRef = 55CA49712AF14129009422D2 /* OHHTTPStubsSwift */; };
/* End PBXBuildFile section */

/* Begin PBXFileReference section */
		554A2ED52AA6031500010F4E /* HelloSwiftUI.app */ = {isa = PBXFileReference; explicitFileType = wrapper.application; includeInIndex = 0; path = HelloSwiftUI.app; sourceTree = BUILT_PRODUCTS_DIR; };
		554A2ED82AA6031500010F4E /* MainView.swift */ = {isa = PBXFileReference; lastKnownFileType = sourcecode.swift; path = MainView.swift; sourceTree = "<group>"; };
		554A2EDA2AA6031500010F4E /* HelloCatsView.swift */ = {isa = PBXFileReference; lastKnownFileType = sourcecode.swift; path = HelloCatsView.swift; sourceTree = "<group>"; };
		554A2EDC2AA6031700010F4E /* Assets.xcassets */ = {isa = PBXFileReference; lastKnownFileType = folder.assetcatalog; path = Assets.xcassets; sourceTree = "<group>"; };
		554A2EE72AA60A7700010F4E /* Color.swift */ = {isa = PBXFileReference; lastKnownFileType = sourcecode.swift; path = Color.swift; sourceTree = "<group>"; };
		557E867D2AF1A213003C3936 /* LaunchScreen.storyboard */ = {isa = PBXFileReference; fileEncoding = 4; lastKnownFileType = file.storyboard; path = LaunchScreen.storyboard; sourceTree = "<group>"; };
		557E867F2AF1A30B003C3936 /* Info.plist */ = {isa = PBXFileReference; fileEncoding = 4; lastKnownFileType = text.plist.xml; path = Info.plist; sourceTree = "<group>"; };
		5596F8292AF196B500F874F4 /* AppDelegate.swift */ = {isa = PBXFileReference; lastKnownFileType = sourcecode.swift; path = AppDelegate.swift; sourceTree = "<group>"; };
		55B399AA2AF17881008CF1BB /* AppState.swift */ = {isa = PBXFileReference; lastKnownFileType = sourcecode.swift; path = AppState.swift; sourceTree = "<group>"; };
		55B399AD2AF17904008CF1BB /* SplashView.swift */ = {isa = PBXFileReference; lastKnownFileType = sourcecode.swift; path = SplashView.swift; sourceTree = "<group>"; };
		55B399B52AF181B8008CF1BB /* SceneDelegate.swift */ = {isa = PBXFileReference; lastKnownFileType = sourcecode.swift; path = SceneDelegate.swift; sourceTree = "<group>"; };
		55CA496C2AF1378D009422D2 /* NumbersView.swift */ = {isa = PBXFileReference; lastKnownFileType = sourcecode.swift; path = NumbersView.swift; sourceTree = "<group>"; };
/* End PBXFileReference section */

/* Begin PBXFrameworksBuildPhase section */
		554A2ED22AA6031500010F4E /* Frameworks */ = {
			isa = PBXFrameworksBuildPhase;
			buildActionMask = 2147483647;
			files = (
				55CA49722AF14129009422D2 /* OHHTTPStubsSwift in Frameworks */,
				55CA49702AF14129009422D2 /* OHHTTPStubs in Frameworks */,
			);
			runOnlyForDeploymentPostprocessing = 0;
		};
/* End PBXFrameworksBuildPhase section */

/* Begin PBXGroup section */
		554A2ECC2AA6031500010F4E = {
			isa = PBXGroup;
			children = (
				554A2ED72AA6031500010F4E /* HelloSwiftUI */,
				554A2ED62AA6031500010F4E /* Products */,
			);
			sourceTree = "<group>";
		};
		554A2ED62AA6031500010F4E /* Products */ = {
			isa = PBXGroup;
			children = (
				554A2ED52AA6031500010F4E /* HelloSwiftUI.app */,
			);
			name = Products;
			sourceTree = "<group>";
		};
		554A2ED72AA6031500010F4E /* HelloSwiftUI */ = {
			isa = PBXGroup;
			children = (
				5550C2212AB71B5D001CF015 /* Application */,
				55B399AC2AF178DF008CF1BB /* Scenes */,
				5550C2292AB71C5F001CF015 /* Extensions */,
				55B399B72AF18747008CF1BB /* Entities */,
				554A2EDC2AA6031700010F4E /* Assets.xcassets */,
				557E867D2AF1A213003C3936 /* LaunchScreen.storyboard */,
				557E867F2AF1A30B003C3936 /* Info.plist */,
			);
			path = HelloSwiftUI;
			sourceTree = "<group>";
		};
		5550C2212AB71B5D001CF015 /* Application */ = {
			isa = PBXGroup;
			children = (
				5596F8292AF196B500F874F4 /* AppDelegate.swift */,
				55B399B52AF181B8008CF1BB /* SceneDelegate.swift */,
			);
			path = Application;
			sourceTree = "<group>";
		};
		5550C2292AB71C5F001CF015 /* Extensions */ = {
			isa = PBXGroup;
			children = (
				554A2EE72AA60A7700010F4E /* Color.swift */,
			);
			path = Extensions;
			sourceTree = "<group>";
		};
		55B399AC2AF178DF008CF1BB /* Scenes */ = {
			isa = PBXGroup;
			children = (
				55B399B12AF179DA008CF1BB /* HelloCats */,
				55B399AF2AF1792A008CF1BB /* Splash */,
				55B399B02AF179A0008CF1BB /* Main */,
				55B399B22AF179EF008CF1BB /* Number */,
			);
			path = Scenes;
			sourceTree = "<group>";
		};
		55B399AF2AF1792A008CF1BB /* Splash */ = {
			isa = PBXGroup;
			children = (
				55B399AD2AF17904008CF1BB /* SplashView.swift */,
			);
			path = Splash;
			sourceTree = "<group>";
		};
		55B399B02AF179A0008CF1BB /* Main */ = {
			isa = PBXGroup;
			children = (
				554A2ED82AA6031500010F4E /* MainView.swift */,
			);
			path = Main;
			sourceTree = "<group>";
		};
		55B399B12AF179DA008CF1BB /* HelloCats */ = {
			isa = PBXGroup;
			children = (
				554A2EDA2AA6031500010F4E /* HelloCatsView.swift */,
			);
			path = HelloCats;
			sourceTree = "<group>";
		};
		55B399B22AF179EF008CF1BB /* Number */ = {
			isa = PBXGroup;
			children = (
				55CA496C2AF1378D009422D2 /* NumbersView.swift */,
			);
			path = Number;
			sourceTree = "<group>";
		};
		55B399B72AF18747008CF1BB /* Entities */ = {
			isa = PBXGroup;
			children = (
				55B399AA2AF17881008CF1BB /* AppState.swift */,
			);
			path = Entities;
			sourceTree = "<group>";
		};
/* End PBXGroup section */

/* Begin PBXNativeTarget section */
		554A2ED42AA6031500010F4E /* HelloSwiftUI */ = {
			isa = PBXNativeTarget;
			buildConfigurationList = 554A2EE32AA6031700010F4E /* Build configuration list for PBXNativeTarget "HelloSwiftUI" */;
			buildPhases = (
				554A2ED12AA6031500010F4E /* Sources */,
				554A2ED22AA6031500010F4E /* Frameworks */,
				554A2ED32AA6031500010F4E /* Resources */,
			);
			buildRules = (
			);
			dependencies = (
			);
			name = HelloSwiftUI;
			packageProductDependencies = (
				55CA496F2AF14129009422D2 /* OHHTTPStubs */,
				55CA49712AF14129009422D2 /* OHHTTPStubsSwift */,
			);
			productName = HelloSwiftUI;
			productReference = 554A2ED52AA6031500010F4E /* HelloSwiftUI.app */;
			productType = "com.apple.product-type.application";
		};
/* End PBXNativeTarget section */

/* Begin PBXProject section */
		554A2ECD2AA6031500010F4E /* Project object */ = {
			isa = PBXProject;
			attributes = {
				BuildIndependentTargetsInParallel = 1;
				LastSwiftUpdateCheck = 1410;
				LastUpgradeCheck = 1500;
				TargetAttributes = {
					554A2ED42AA6031500010F4E = {
						CreatedOnToolsVersion = 14.1;
					};
				};
			};
			buildConfigurationList = 554A2ED02AA6031500010F4E /* Build configuration list for PBXProject "HelloSwiftUI" */;
			compatibilityVersion = "Xcode 14.0";
			developmentRegion = en;
			hasScannedForEncodings = 0;
			knownRegions = (
				en,
				Base,
			);
			mainGroup = 554A2ECC2AA6031500010F4E;
			packageReferences = (
				55CA496E2AF14129009422D2 /* XCRemoteSwiftPackageReference "OHHTTPStubs" */,
			);
			productRefGroup = 554A2ED62AA6031500010F4E /* Products */;
			projectDirPath = "";
			projectRoot = "";
			targets = (
				554A2ED42AA6031500010F4E /* HelloSwiftUI */,
			);
		};
/* End PBXProject section */

/* Begin PBXResourcesBuildPhase section */
		554A2ED32AA6031500010F4E /* Resources */ = {
			isa = PBXResourcesBuildPhase;
			buildActionMask = 2147483647;
			files = (
				557E86802AF1A30B003C3936 /* Info.plist in Resources */,
				557E867E2AF1A213003C3936 /* LaunchScreen.storyboard in Resources */,
			);
			runOnlyForDeploymentPostprocessing = 0;
		};
/* End PBXResourcesBuildPhase section */

/* Begin PBXSourcesBuildPhase section */
		554A2ED12AA6031500010F4E /* Sources */ = {
			isa = PBXSourcesBuildPhase;
			buildActionMask = 2147483647;
			files = (
				5596F82A2AF196B500F874F4 /* AppDelegate.swift in Sources */,
				55CA496D2AF1378D009422D2 /* NumbersView.swift in Sources */,
				554A2EE82AA60A7700010F4E /* Color.swift in Sources */,
				55B399AB2AF17881008CF1BB /* AppState.swift in Sources */,
				554A2EDB2AA6031500010F4E /* HelloCatsView.swift in Sources */,
				554A2ED92AA6031500010F4E /* MainView.swift in Sources */,
				55B399AE2AF17904008CF1BB /* SplashView.swift in Sources */,
				55B399B62AF181B8008CF1BB /* SceneDelegate.swift in Sources */,
			);
			runOnlyForDeploymentPostprocessing = 0;
		};
/* End PBXSourcesBuildPhase section */

/* Begin XCBuildConfiguration section */
		554A2EE12AA6031700010F4E /* Debug */ = {
			isa = XCBuildConfiguration;
			buildSettings = {
				ALWAYS_SEARCH_USER_PATHS = NO;
				CLANG_ANALYZER_NONNULL = YES;
				CLANG_ANALYZER_NUMBER_OBJECT_CONVERSION = YES_AGGRESSIVE;
				CLANG_CXX_LANGUAGE_STANDARD = "gnu++20";
				CLANG_ENABLE_MODULES = YES;
				CLANG_ENABLE_OBJC_ARC = YES;
				CLANG_ENABLE_OBJC_WEAK = YES;
				CLANG_WARN_BLOCK_CAPTURE_AUTORELEASING = YES;
				CLANG_WARN_BOOL_CONVERSION = YES;
				CLANG_WARN_COMMA = YES;
				CLANG_WARN_CONSTANT_CONVERSION = YES;
				CLANG_WARN_DEPRECATED_OBJC_IMPLEMENTATIONS = YES;
				CLANG_WARN_DIRECT_OBJC_ISA_USAGE = YES_ERROR;
				CLANG_WARN_DOCUMENTATION_COMMENTS = YES;
				CLANG_WARN_EMPTY_BODY = YES;
				CLANG_WARN_ENUM_CONVERSION = YES;
				CLANG_WARN_INFINITE_RECURSION = YES;
				CLANG_WARN_INT_CONVERSION = YES;
				CLANG_WARN_NON_LITERAL_NULL_CONVERSION = YES;
				CLANG_WARN_OBJC_IMPLICIT_RETAIN_SELF = YES;
				CLANG_WARN_OBJC_LITERAL_CONVERSION = YES;
				CLANG_WARN_OBJC_ROOT_CLASS = YES_ERROR;
				CLANG_WARN_QUOTED_INCLUDE_IN_FRAMEWORK_HEADER = YES;
				CLANG_WARN_RANGE_LOOP_ANALYSIS = YES;
				CLANG_WARN_STRICT_PROTOTYPES = YES;
				CLANG_WARN_SUSPICIOUS_MOVE = YES;
				CLANG_WARN_UNGUARDED_AVAILABILITY = YES_AGGRESSIVE;
				CLANG_WARN_UNREACHABLE_CODE = YES;
				CLANG_WARN__DUPLICATE_METHOD_MATCH = YES;
				COPY_PHASE_STRIP = NO;
				DEBUG_INFORMATION_FORMAT = dwarf;
				ENABLE_STRICT_OBJC_MSGSEND = YES;
				ENABLE_TESTABILITY = YES;
				ENABLE_USER_SCRIPT_SANDBOXING = YES;
				GCC_C_LANGUAGE_STANDARD = gnu11;
				GCC_DYNAMIC_NO_PIC = NO;
				GCC_NO_COMMON_BLOCKS = YES;
				GCC_OPTIMIZATION_LEVEL = 0;
				GCC_PREPROCESSOR_DEFINITIONS = (
					"DEBUG=1",
					"$(inherited)",
				);
				GCC_WARN_64_TO_32_BIT_CONVERSION = YES;
				GCC_WARN_ABOUT_RETURN_TYPE = YES_ERROR;
				GCC_WARN_UNDECLARED_SELECTOR = YES;
				GCC_WARN_UNINITIALIZED_AUTOS = YES_AGGRESSIVE;
				GCC_WARN_UNUSED_FUNCTION = YES;
				GCC_WARN_UNUSED_VARIABLE = YES;
				IPHONEOS_DEPLOYMENT_TARGET = 16.1;
				MTL_ENABLE_DEBUG_INFO = INCLUDE_SOURCE;
				MTL_FAST_MATH = YES;
				ONLY_ACTIVE_ARCH = YES;
				SDKROOT = iphoneos;
				SWIFT_ACTIVE_COMPILATION_CONDITIONS = DEBUG;
				SWIFT_OPTIMIZATION_LEVEL = "-Onone";
			};
			name = Debug;
		};
		554A2EE22AA6031700010F4E /* Release */ = {
			isa = XCBuildConfiguration;
			buildSettings = {
				ALWAYS_SEARCH_USER_PATHS = NO;
				CLANG_ANALYZER_NONNULL = YES;
				CLANG_ANALYZER_NUMBER_OBJECT_CONVERSION = YES_AGGRESSIVE;
				CLANG_CXX_LANGUAGE_STANDARD = "gnu++20";
				CLANG_ENABLE_MODULES = YES;
				CLANG_ENABLE_OBJC_ARC = YES;
				CLANG_ENABLE_OBJC_WEAK = YES;
				CLANG_WARN_BLOCK_CAPTURE_AUTORELEASING = YES;
				CLANG_WARN_BOOL_CONVERSION = YES;
				CLANG_WARN_COMMA = YES;
				CLANG_WARN_CONSTANT_CONVERSION = YES;
				CLANG_WARN_DEPRECATED_OBJC_IMPLEMENTATIONS = YES;
				CLANG_WARN_DIRECT_OBJC_ISA_USAGE = YES_ERROR;
				CLANG_WARN_DOCUMENTATION_COMMENTS = YES;
				CLANG_WARN_EMPTY_BODY = YES;
				CLANG_WARN_ENUM_CONVERSION = YES;
				CLANG_WARN_INFINITE_RECURSION = YES;
				CLANG_WARN_INT_CONVERSION = YES;
				CLANG_WARN_NON_LITERAL_NULL_CONVERSION = YES;
				CLANG_WARN_OBJC_IMPLICIT_RETAIN_SELF = YES;
				CLANG_WARN_OBJC_LITERAL_CONVERSION = YES;
				CLANG_WARN_OBJC_ROOT_CLASS = YES_ERROR;
				CLANG_WARN_QUOTED_INCLUDE_IN_FRAMEWORK_HEADER = YES;
				CLANG_WARN_RANGE_LOOP_ANALYSIS = YES;
				CLANG_WARN_STRICT_PROTOTYPES = YES;
				CLANG_WARN_SUSPICIOUS_MOVE = YES;
				CLANG_WARN_UNGUARDED_AVAILABILITY = YES_AGGRESSIVE;
				CLANG_WARN_UNREACHABLE_CODE = YES;
				CLANG_WARN__DUPLICATE_METHOD_MATCH = YES;
				COPY_PHASE_STRIP = NO;
				DEBUG_INFORMATION_FORMAT = "dwarf-with-dsym";
				ENABLE_NS_ASSERTIONS = NO;
				ENABLE_STRICT_OBJC_MSGSEND = YES;
				ENABLE_USER_SCRIPT_SANDBOXING = YES;
				GCC_C_LANGUAGE_STANDARD = gnu11;
				GCC_NO_COMMON_BLOCKS = YES;
				GCC_WARN_64_TO_32_BIT_CONVERSION = YES;
				GCC_WARN_ABOUT_RETURN_TYPE = YES_ERROR;
				GCC_WARN_UNDECLARED_SELECTOR = YES;
				GCC_WARN_UNINITIALIZED_AUTOS = YES_AGGRESSIVE;
				GCC_WARN_UNUSED_FUNCTION = YES;
				GCC_WARN_UNUSED_VARIABLE = YES;
				IPHONEOS_DEPLOYMENT_TARGET = 16.1;
				MTL_ENABLE_DEBUG_INFO = NO;
				MTL_FAST_MATH = YES;
				SDKROOT = iphoneos;
				SWIFT_COMPILATION_MODE = wholemodule;
				SWIFT_OPTIMIZATION_LEVEL = "-O";
				VALIDATE_PRODUCT = YES;
			};
			name = Release;
		};
		554A2EE42AA6031700010F4E /* Debug */ = {
			isa = XCBuildConfiguration;
			buildSettings = {
				ASSETCATALOG_COMPILER_APPICON_NAME = AppIcon;
				ASSETCATALOG_COMPILER_GLOBAL_ACCENT_COLOR_NAME = AccentColor;
				CODE_SIGN_STYLE = Automatic;
				CURRENT_PROJECT_VERSION = 1;
				DEVELOPMENT_ASSET_PATHS = "\"HelloSwiftUI/Preview Content\"";
				ENABLE_PREVIEWS = YES;
				GENERATE_INFOPLIST_FILE = YES;
				INFOPLIST_FILE = HelloSwiftUI/Info.plist;
				INFOPLIST_KEY_UIApplicationSupportsIndirectInputEvents = YES;
				INFOPLIST_KEY_UILaunchScreen_Generation = YES;
				INFOPLIST_KEY_UISupportedInterfaceOrientations_iPad = "UIInterfaceOrientationPortrait UIInterfaceOrientationPortraitUpsideDown UIInterfaceOrientationLandscapeLeft UIInterfaceOrientationLandscapeRight";
				INFOPLIST_KEY_UISupportedInterfaceOrientations_iPhone = "UIInterfaceOrientationPortrait UIInterfaceOrientationLandscapeLeft UIInterfaceOrientationLandscapeRight";
				LD_RUNPATH_SEARCH_PATHS = (
					"$(inherited)",
					"@executable_path/Frameworks",
				);
				MARKETING_VERSION = 1.0;
				PRODUCT_BUNDLE_IDENTIFIER = RikaKohda.HelloSwiftUI;
				PRODUCT_NAME = "$(TARGET_NAME)";
				SWIFT_EMIT_LOC_STRINGS = YES;
				SWIFT_VERSION = 5.0;
				TARGETED_DEVICE_FAMILY = "1,2";
			};
			name = Debug;
		};
		554A2EE52AA6031700010F4E /* Release */ = {
			isa = XCBuildConfiguration;
			buildSettings = {
				ASSETCATALOG_COMPILER_APPICON_NAME = AppIcon;
				ASSETCATALOG_COMPILER_GLOBAL_ACCENT_COLOR_NAME = AccentColor;
				CODE_SIGN_STYLE = Automatic;
				CURRENT_PROJECT_VERSION = 1;
				DEVELOPMENT_ASSET_PATHS = "\"HelloSwiftUI/Preview Content\"";
				ENABLE_PREVIEWS = YES;
				GENERATE_INFOPLIST_FILE = YES;
				INFOPLIST_FILE = HelloSwiftUI/Info.plist;
				INFOPLIST_KEY_UIApplicationSupportsIndirectInputEvents = YES;
				INFOPLIST_KEY_UILaunchScreen_Generation = YES;
				INFOPLIST_KEY_UISupportedInterfaceOrientations_iPad = "UIInterfaceOrientationPortrait UIInterfaceOrientationPortraitUpsideDown UIInterfaceOrientationLandscapeLeft UIInterfaceOrientationLandscapeRight";
				INFOPLIST_KEY_UISupportedInterfaceOrientations_iPhone = "UIInterfaceOrientationPortrait UIInterfaceOrientationLandscapeLeft UIInterfaceOrientationLandscapeRight";
				LD_RUNPATH_SEARCH_PATHS = (
					"$(inherited)",
					"@executable_path/Frameworks",
				);
				MARKETING_VERSION = 1.0;
				PRODUCT_BUNDLE_IDENTIFIER = RikaKohda.HelloSwiftUI;
				PRODUCT_NAME = "$(TARGET_NAME)";
				SWIFT_EMIT_LOC_STRINGS = YES;
				SWIFT_VERSION = 5.0;
				TARGETED_DEVICE_FAMILY = "1,2";
			};
			name = Release;
		};
/* End XCBuildConfiguration section */

/* Begin XCConfigurationList section */
		554A2ED02AA6031500010F4E /* Build configuration list for PBXProject "HelloSwiftUI" */ = {
			isa = XCConfigurationList;
			buildConfigurations = (
				554A2EE12AA6031700010F4E /* Debug */,
				554A2EE22AA6031700010F4E /* Release */,
			);
			defaultConfigurationIsVisible = 0;
			defaultConfigurationName = Release;
		};
		554A2EE32AA6031700010F4E /* Build configuration list for PBXNativeTarget "HelloSwiftUI" */ = {
			isa = XCConfigurationList;
			buildConfigurations = (
				554A2EE42AA6031700010F4E /* Debug */,
				554A2EE52AA6031700010F4E /* Release */,
			);
			defaultConfigurationIsVisible = 0;
			defaultConfigurationName = Release;
		};
/* End XCConfigurationList section */

/* Begin XCRemoteSwiftPackageReference section */
		55CA496E2AF14129009422D2 /* XCRemoteSwiftPackageReference "OHHTTPStubs" */ = {
			isa = XCRemoteSwiftPackageReference;
			repositoryURL = "https://github.com/AliSoftware/OHHTTPStubs.git";
			requirement = {
				kind = upToNextMajorVersion;
				minimumVersion = 9.1.0;
			};
		};
/* End XCRemoteSwiftPackageReference section */

/* Begin XCSwiftPackageProductDependency section */
		55CA496F2AF14129009422D2 /* OHHTTPStubs */ = {
			isa = XCSwiftPackageProductDependency;
			package = 55CA496E2AF14129009422D2 /* XCRemoteSwiftPackageReference "OHHTTPStubs" */;
			productName = OHHTTPStubs;
		};
		55CA49712AF14129009422D2 /* OHHTTPStubsSwift */ = {
			isa = XCSwiftPackageProductDependency;
			package = 55CA496E2AF14129009422D2 /* XCRemoteSwiftPackageReference "OHHTTPStubs" */;
			productName = OHHTTPStubsSwift;
		};
/* End XCSwiftPackageProductDependency section */
	};
	rootObject = 554A2ECD2AA6031500010F4E /* Project object */;
}
